
Microsoft Visual Studio Solution File, Format Version 12.00
# Visual Studio Version 16
VisualStudioVersion = 16.0.31005.135
MinimumVisualStudioVersion = 10.0.40219.1
Project("{FAE04EC0-301F-11D3-BF4B-00C04F79EFBC}") = "Compra", "Compra.csproj", "{42A86F09-DEA8-44D4-A4F9-A84879657920}"
EndProject
Global
	GlobalSection(SolutionConfigurationPlatforms) = preSolution
		Debug|Any CPU = Debug|Any CPU
		Release|Any CPU = Release|Any CPU
	EndGlobalSection
	GlobalSection(ProjectConfigurationPlatforms) = postSolution
		{42A86F09-DEA8-44D4-A4F9-A84879657920}.Debug|Any CPU.ActiveCfg = Debug|Any CPU
		{42A86F09-DEA8-44D4-A4F9-A84879657920}.Debug|Any CPU.Build.0 = Debug|Any CPU
		{42A86F09-DEA8-44D4-A4F9-A84879657920}.Release|Any CPU.ActiveCfg = Release|Any CPU
		{42A86F09-DEA8-44D4-A4F9-A84879657920}.Release|Any CPU.Build.0 = Release|Any CPU
	EndGlobalSection
	GlobalSection(SolutionProperties) = preSolution
		HideSolutionNode = FALSE
	EndGlobalSection
	GlobalSection(ExtensibilityGlobals) = postSolution
		SolutionGuid = {5C565303-262D-41E8-B864-EAB71EA4C005}
	EndGlobalSection
EndGlobal
